Microsoft Visual Studio Solution File, Format Version 12.00
# Visual Studio Version 17
VisualStudioVersion = 17.5.2.0
MinimumVisualStudioVersion = 10.0.40219.1
Project("{FAE04EC0-301F-11D3-BF4B-00C04F79EFBC}") = "EX03", "EX03\EX03.csproj", "{11841BFC-23F7-1219-EDEA-B806C621B36D}"
EndProject
Project("{2150E333-8FDC-42A3-9474-1A3956D46DE8}") = "EX01", "EX01", "{396DBE30-0617-629A-DC0A-43816E2A26CC}"
EndProject
Project("{2150E333-8FDC-42A3-9474-1A3956D46DE8}") = "EX02", "EX02", "{57C05393-EA01-276C-A121-DF2CA30E5E9D}"
EndProject
Project("{FAE04EC0-301F-11D3-BF4B-00C04F79EFBC}") = "EX01", "EX01\EX01\EX01.csproj", "{1D170EB4-B3A6-EF29-5632-874CA748775F}"
EndProject
Project("{FAE04EC0-301F-11D3-BF4B-00C04F79EFBC}") = "EX02", "EX02\EX02\EX02.csproj", "{03344753-FC29-E3FE-D9E2-CEC5F2ED48FC}"
EndProject
Global
	GlobalSection(SolutionConfigurationPlatforms) = preSolution
		Debug|Any CPU = Debug|Any CPU
		Release|Any CPU = Release|Any CPU
	EndGlobalSection
	GlobalSection(ProjectConfigurationPlatforms) = postSolution
		{11841BFC-23F7-1219-EDEA-B806C621B36D}.Debug|Any CPU.ActiveCfg = Debug|Any CPU
		{11841BFC-23F7-1219-EDEA-B806C621B36D}.Debug|Any CPU.Build.0 = Debug|Any CPU
		{11841BFC-23F7-1219-EDEA-B806C621B36D}.Release|Any CPU.ActiveCfg = Release|Any CPU
		{11841BFC-23F7-1219-EDEA-B806C621B36D}.Release|Any CPU.Build.0 = Release|Any CPU
		{1D170EB4-B3A6-EF29-5632-874CA748775F}.Debug|Any CPU.ActiveCfg = Debug|Any CPU
		{1D170EB4-B3A6-EF29-5632-874CA748775F}.Debug|Any CPU.Build.0 = Debug|Any CPU
		{1D170EB4-B3A6-EF29-5632-874CA748775F}.Release|Any CPU.ActiveCfg = Release|Any CPU
		{1D170EB4-B3A6-EF29-5632-874CA748775F}.Release|Any CPU.Build.0 = Release|Any CPU
		{03344753-FC29-E3FE-D9E2-CEC5F2ED48FC}.Debug|Any CPU.ActiveCfg = Debug|Any CPU
		{03344753-FC29-E3FE-D9E2-CEC5F2ED48FC}.Debug|Any CPU.Build.0 = Debug|Any CPU
		{03344753-FC29-E3FE-D9E2-CEC5F2ED48FC}.Release|Any CPU.ActiveCfg = Release|Any CPU
		{03344753-FC29-E3FE-D9E2-CEC5F2ED48FC}.Release|Any CPU.Build.0 = Release|Any CPU
	EndGlobalSection
	GlobalSection(SolutionProperties) = preSolution
		HideSolutionNode = FALSE
	EndGlobalSection
	GlobalSection(NestedProjects) = preSolution
		{1D170EB4-B3A6-EF29-5632-874CA748775F} = {396DBE30-0617-629A-DC0A-43816E2A26CC}
		{03344753-FC29-E3FE-D9E2-CEC5F2ED48FC} = {57C05393-EA01-276C-A121-DF2CA30E5E9D}
	EndGlobalSection
	GlobalSection(ExtensibilityGlobals) = postSolution
		SolutionGuid = {889F73ED-F771-4F5D-A804-C6984EA412EC}
	EndGlobalSection
EndGlobal
